
Microsoft Visual Studio Solution File, Format Version 12.00
# Visual Studio Version 17
VisualStudioVersion = 17.9.34607.119
MinimumVisualStudioVersion = 10.0.40219.1
Project("{FAE04EC0-301F-11D3-BF4B-00C04F79EFBC}") = "Student Management System", "Student\Student Management System.csproj", "{D0F24D8B-7596-4AD7-B304-2F3E427315A1}"
EndProject
Global
	GlobalSection(SolutionConfigurationPlatforms) = preSolution
		Debug|Any CPU = Debug|Any CPU
		Release|Any CPU = Release|Any CPU
	EndGlobalSection
	GlobalSection(ProjectConfigurationPlatforms) = postSolution
		{D0F24D8B-7596-4AD7-B304-2F3E427315A1}.Debug|Any CPU.ActiveCfg = Debug|Any CPU
		{D0F24D8B-7596-4AD7-B304-2F3E427315A1}.Debug|Any CPU.Build.0 = Debug|Any CPU
		{D0F24D8B-7596-4AD7-B304-2F3E427315A1}.Release|Any CPU.ActiveCfg = Release|Any CPU
		{D0F24D8B-7596-4AD7-B304-2F3E427315A1}.Release|Any CPU.Build.0 = Release|Any CPU
	EndGlobalSection
	GlobalSection(SolutionProperties) = preSolution
		HideSolutionNode = FALSE
	EndGlobalSection
	GlobalSection(ExtensibilityGlobals) = postSolution
		SolutionGuid = {A8ADB9AD-1A5F-4F14-AD4C-8AE2E7DF889F}
	EndGlobalSection
EndGlobal
